// !$*UTF8*$!
{
	archiveVersion = 1;
	classes = {
	};
	objectVersion = 56;
	objects = {

/* Begin PBXBuildFile section */
		4752BC5D29141B4200FDCB98 /* GoogleService-Info.plist in Resources */ = {isa = PBXBuildFile; fileRef = 4752BC5C29141B4200FDCB98 /* GoogleService-Info.plist */; };
		4752BC6029141C1600FDCB98 /* FirebaseFirestore in Frameworks */ = {isa = PBXBuildFile; productRef = 4752BC5F29141C1600FDCB98 /* FirebaseFirestore */; };
		4752BC6229141C1600FDCB98 /* FirebaseStorage in Frameworks */ = {isa = PBXBuildFile; productRef = 4752BC6129141C1600FDCB98 /* FirebaseStorage */; };
		CF0BCD46297DD46E0020ECA9 /* LaunchScreen.storyboard in Resources */ = {isa = PBXBuildFile; fileRef = CF0BCD45297DD46E0020ECA9 /* LaunchScreen.storyboard */; };
		CF3CB1C9291B4A4D002D53E0 /* SpeechManager.swift in Sources */ = {isa = PBXBuildFile; fileRef = CF3CB1C8291B4A4D002D53E0 /* SpeechManager.swift */; };
		CF3CB1CB291B4A5B002D53E0 /* MicManager.swift in Sources */ = {isa = PBXBuildFile; fileRef = CF3CB1CA291B4A5B002D53E0 /* MicManager.swift */; };
		CF3CB1CD291B4A64002D53E0 /* Persistence.swift in Sources */ = {isa = PBXBuildFile; fileRef = CF3CB1CC291B4A64002D53E0 /* Persistence.swift */; };
		CF3CB1D2291B4AAA002D53E0 /* speechItems.xcdatamodeld in Sources */ = {isa = PBXBuildFile; fileRef = CF3CB1D0291B4AAA002D53E0 /* speechItems.xcdatamodeld */; };
		CF70C8C628EE7D5600C0BD42 /* AudioRecorder.swift in Sources */ = {isa = PBXBuildFile; fileRef = CF70C8C528EE7D5600C0BD42 /* AudioRecorder.swift */; };
		CF70C8CC28EE804100C0BD42 /* AudioPlayer.swift in Sources */ = {isa = PBXBuildFile; fileRef = CF70C8CB28EE804100C0BD42 /* AudioPlayer.swift */; };
		CF70C8CE28EE807000C0BD42 /* RecordingsList.swift in Sources */ = {isa = PBXBuildFile; fileRef = CF70C8CD28EE807000C0BD42 /* RecordingsList.swift */; };
		CF84EB3529C0E4DC00B3887B /* VideoRecorder.swift in Sources */ = {isa = PBXBuildFile; fileRef = CF84EB3429C0E4DC00B3887B /* VideoRecorder.swift */; };
		CF876B1828FB7FCF005D44AC /* Pods_DementiaApp.framework in Frameworks */ = {isa = PBXBuildFile; fileRef = 33F89C145C2E01CFCDBAD044 /* Pods_DementiaApp.framework */; };
		CFB77B1028D8DE3C00D3F39D /* StructsDB.swift in Sources */ = {isa = PBXBuildFile; fileRef = CFB77B0F28D8DE3C00D3F39D /* StructsDB.swift */; };
		CFB77B1228D8DED200D3F39D /* contacts.swift in Sources */ = {isa = PBXBuildFile; fileRef = CFB77B1128D8DED200D3F39D /* contacts.swift */; };
		CFD8EF3028F1FE4300DB94F7 /* PhotoPicker.swift in Sources */ = {isa = PBXBuildFile; fileRef = CFD8EF2F28F1FE4300DB94F7 /* PhotoPicker.swift */; };
		CFE5054A28D7892100825BC9 /* DementiaAppApp.swift in Sources */ = {isa = PBXBuildFile; fileRef = CFE5054928D7892100825BC9 /* DementiaAppApp.swift */; };
		CFE5054C28D7892100825BC9 /* PatientView.swift in Sources */ = {isa = PBXBuildFile; fileRef = CFE5054B28D7892100825BC9 /* PatientView.swift */; };
		CFE5054E28D7892200825BC9 /* Assets.xcassets in Resources */ = {isa = PBXBuildFile; fileRef = CFE5054D28D7892200825BC9 /* Assets.xcassets */; };
		CFE5055128D7892200825BC9 /* Preview Assets.xcassets in Resources */ = {isa = PBXBuildFile; fileRef = CFE5055028D7892200825BC9 /* Preview Assets.xcassets */; };
/* End PBXBuildFile section */

/* Begin PBXFileReference section */
		33F89C145C2E01CFCDBAD044 /* Pods_DementiaApp.framework */ = {isa = PBXFileReference; explicitFileType = wrapper.framework; includeInIndex = 0; path = Pods_DementiaApp.framework; sourceTree = BUILT_PRODUCTS_DIR; };
		4752BC5C29141B4200FDCB98 /* GoogleService-Info.plist */ = {isa = PBXFileReference; lastKnownFileType = text.plist; path = "GoogleService-Info.plist"; sourceTree = SOURCE_ROOT; };
		48367EE8DDE9E7A98B5AA9CB /* Pods-DementiaApp.release.xcconfig */ = {isa = PBXFileReference; includeInIndex = 1; lastKnownFileType = text.xcconfig; name = "Pods-DementiaApp.release.xcconfig"; path = "Target Support Files/Pods-DementiaApp/Pods-DementiaApp.release.xcconfig"; sourceTree = "<group>"; };
		CF0BCD44297DD3A30020ECA9 /* Info.plist */ = {isa = PBXFileReference; lastKnownFileType = text.plist; path = Info.plist; sourceTree = "<group>"; };
		CF0BCD45297DD46E0020ECA9 /* LaunchScreen.storyboard */ = {isa = PBXFileReference; lastKnownFileType = file.storyboard; path = LaunchScreen.storyboard; sourceTree = "<group>"; };
		CF3CB1C8291B4A4D002D53E0 /* SpeechManager.swift */ = {isa = PBXFileReference; fileEncoding = 4; lastKnownFileType = sourcecode.swift; path = SpeechManager.swift; sourceTree = "<group>"; };
		CF3CB1CA291B4A5B002D53E0 /* MicManager.swift */ = {isa = PBXFileReference; fileEncoding = 4; lastKnownFileType = sourcecode.swift; path = MicManager.swift; sourceTree = "<group>"; };
		CF3CB1CC291B4A64002D53E0 /* Persistence.swift */ = {isa = PBXFileReference; fileEncoding = 4; lastKnownFileType = sourcecode.swift; path = Persistence.swift; sourceTree = "<group>"; };
		CF3CB1D1291B4AAA002D53E0 /* speechtodo.xcdatamodel */ = {isa = PBXFileReference; lastKnownFileType = wrapper.xcdatamodel; path = speechtodo.xcdatamodel; sourceTree = "<group>"; };
		CF70C8C528EE7D5600C0BD42 /* AudioRecorder.swift */ = {isa = PBXFileReference; lastKnownFileType = sourcecode.swift; path = AudioRecorder.swift; sourceTree = "<group>"; };
		CF70C8CB28EE804100C0BD42 /* AudioPlayer.swift */ = {isa = PBXFileReference; fileEncoding = 4; lastKnownFileType = sourcecode.swift; path = AudioPlayer.swift; sourceTree = "<group>"; };
		CF70C8CD28EE807000C0BD42 /* RecordingsList.swift */ = {isa = PBXFileReference; fileEncoding = 4; lastKnownFileType = sourcecode.swift; path = RecordingsList.swift; sourceTree = "<group>"; };
		CF84EB3429C0E4DC00B3887B /* VideoRecorder.swift */ = {isa = PBXFileReference; lastKnownFileType = sourcecode.swift; path = VideoRecorder.swift; sourceTree = "<group>"; };
		CFB77B0F28D8DE3C00D3F39D /* StructsDB.swift */ = {isa = PBXFileReference; lastKnownFileType = sourcecode.swift; path = StructsDB.swift; sourceTree = "<group>"; };
		CFB77B1128D8DED200D3F39D /* contacts.swift */ = {isa = PBXFileReference; lastKnownFileType = sourcecode.swift; path = contacts.swift; sourceTree = "<group>"; };
		CFD8EF2F28F1FE4300DB94F7 /* PhotoPicker.swift */ = {isa = PBXFileReference; fileEncoding = 4; lastKnownFileType = sourcecode.swift; path = PhotoPicker.swift; sourceTree = "<group>"; };
		CFE5054628D7892100825BC9 /* DementiaApp.app */ = {isa = PBXFileReference; explicitFileType = wrapper.application; includeInIndex = 0; path = DementiaApp.app; sourceTree = BUILT_PRODUCTS_DIR; };
		CFE5054928D7892100825BC9 /* DementiaAppApp.swift */ = {isa = PBXFileReference; lastKnownFileType = sourcecode.swift; path = DementiaAppApp.swift; sourceTree = "<group>"; };
		CFE5054B28D7892100825BC9 /* PatientView.swift */ = {isa = PBXFileReference; lastKnownFileType = sourcecode.swift; path = PatientView.swift; sourceTree = "<group>"; };
		CFE5054D28D7892200825BC9 /* Assets.xcassets */ = {isa = PBXFileReference; lastKnownFileType = folder.assetcatalog; path = Assets.xcassets; sourceTree = "<group>"; };
		CFE5055028D7892200825BC9 /* Preview Assets.xcassets */ = {isa = PBXFileReference; lastKnownFileType = folder.assetcatalog; path = "Preview Assets.xcassets"; sourceTree = "<group>"; };
		FCF6EA4B89408B77F8465AD3 /* Pods-DementiaApp.debug.xcconfig */ = {isa = PBXFileReference; includeInIndex = 1; lastKnownFileType = text.xcconfig; name = "Pods-DementiaApp.debug.xcconfig"; path = "Target Support Files/Pods-DementiaApp/Pods-DementiaApp.debug.xcconfig"; sourceTree = "<group>"; };
/* End PBXFileReference section */

/* Begin PBXFrameworksBuildPhase section */
		CFE5054328D7892100825BC9 /* Frameworks */ = {
			isa = PBXFrameworksBuildPhase;
			buildActionMask = 2147483647;
			files = (
				CF876B1828FB7FCF005D44AC /* Pods_DementiaApp.framework in Frameworks */,
				4752BC6029141C1600FDCB98 /* FirebaseFirestore in Frameworks */,
				4752BC6229141C1600FDCB98 /* FirebaseStorage in Frameworks */,
			);
			runOnlyForDeploymentPostprocessing = 0;
		};
/* End PBXFrameworksBuildPhase section */

/* Begin PBXGroup section */
		A83FA805AC79F7235FF5851B /* Pods */ = {
			isa = PBXGroup;
			children = (
				FCF6EA4B89408B77F8465AD3 /* Pods-DementiaApp.debug.xcconfig */,
				48367EE8DDE9E7A98B5AA9CB /* Pods-DementiaApp.release.xcconfig */,
			);
			path = Pods;
			sourceTree = "<group>";
		};
		C1752FA4A936588B3F3552E9 /* Frameworks */ = {
			isa = PBXGroup;
			children = (
				33F89C145C2E01CFCDBAD044 /* Pods_DementiaApp.framework */,
			);
			name = Frameworks;
			sourceTree = "<group>";
		};
		CFE5053D28D7892100825BC9 = {
			isa = PBXGroup;
			children = (
				CFE5054828D7892100825BC9 /* DementiaApp */,
				CFE5054728D7892100825BC9 /* Products */,
				A83FA805AC79F7235FF5851B /* Pods */,
				C1752FA4A936588B3F3552E9 /* Frameworks */,
			);
			sourceTree = "<group>";
		};
		CFE5054728D7892100825BC9 /* Products */ = {
			isa = PBXGroup;
			children = (
				CFE5054628D7892100825BC9 /* DementiaApp.app */,
			);
			name = Products;
			sourceTree = "<group>";
		};
		CFE5054828D7892100825BC9 /* DementiaApp */ = {
			isa = PBXGroup;
			children = (
				CF0BCD44297DD3A30020ECA9 /* Info.plist */,
				CFE5054928D7892100825BC9 /* DementiaAppApp.swift */,
				CFE5054B28D7892100825BC9 /* PatientView.swift */,
				CFB77B1128D8DED200D3F39D /* contacts.swift */,
				CFB77B0F28D8DE3C00D3F39D /* StructsDB.swift */,
				CF70C8C528EE7D5600C0BD42 /* AudioRecorder.swift */,
				CF84EB3429C0E4DC00B3887B /* VideoRecorder.swift */,
				4752BC5C29141B4200FDCB98 /* GoogleService-Info.plist */,
				CF70C8CB28EE804100C0BD42 /* AudioPlayer.swift */,
				CF70C8CD28EE807000C0BD42 /* RecordingsList.swift */,
				CFD8EF2F28F1FE4300DB94F7 /* PhotoPicker.swift */,
				CF3CB1C8291B4A4D002D53E0 /* SpeechManager.swift */,
				CF3CB1CA291B4A5B002D53E0 /* MicManager.swift */,
				CF3CB1CC291B4A64002D53E0 /* Persistence.swift */,
				CF3CB1D0291B4AAA002D53E0 /* speechItems.xcdatamodeld */,
				CF0BCD45297DD46E0020ECA9 /* LaunchScreen.storyboard */,
				CFE5054D28D7892200825BC9 /* Assets.xcassets */,
				CFE5054F28D7892200825BC9 /* Preview Content */,
			);
			path = DementiaApp;
			sourceTree = "<group>";
		};
		CFE5054F28D7892200825BC9 /* Preview Content */ = {
			isa = PBXGroup;
			children = (
				CFE5055028D7892200825BC9 /* Preview Assets.xcassets */,
			);
			path = "Preview Content";
			sourceTree = "<group>";
		};
/* End PBXGroup section */

/* Begin PBXNativeTarget section */
		CFE5054528D7892100825BC9 /* DementiaApp */ = {
			isa = PBXNativeTarget;
			buildConfigurationList = CFE5055428D7892200825BC9 /* Build configuration list for PBXNativeTarget "DementiaApp" */;
			buildPhases = (
				22BAF259005B8DBB9503DB50 /* [CP] Check Pods Manifest.lock */,
				CFE5054228D7892100825BC9 /* Sources */,
				CFE5054328D7892100825BC9 /* Frameworks */,
				CFE5054428D7892100825BC9 /* Resources */,
				AD51A1FB2B8C4EF01F68BED7 /* [CP] Embed Pods Frameworks */,
			);
			buildRules = (
			);
			dependencies = (
			);
			name = DementiaApp;
			packageProductDependencies = (
				4752BC5F29141C1600FDCB98 /* FirebaseFirestore */,
				4752BC6129141C1600FDCB98 /* FirebaseStorage */,
			);
			productName = DementiaApp;
			productReference = CFE5054628D7892100825BC9 /* DementiaApp.app */;
			productType = "com.apple.product-type.application";
		};
/* End PBXNativeTarget section */

/* Begin PBXProject section */
		CFE5053E28D7892100825BC9 /* Project object */ = {
			isa = PBXProject;
			attributes = {
				BuildIndependentTargetsInParallel = 1;
				LastSwiftUpdateCheck = 1400;
				LastUpgradeCheck = 1400;
				TargetAttributes = {
					CFE5054528D7892100825BC9 = {
						CreatedOnToolsVersion = 14.0;
					};
				};
			};
			buildConfigurationList = CFE5054128D7892100825BC9 /* Build configuration list for PBXProject "DementiaApp" */;
			compatibilityVersion = "Xcode 14.0";
			developmentRegion = en;
			hasScannedForEncodings = 0;
			knownRegions = (
				en,
				Base,
			);
			mainGroup = CFE5053D28D7892100825BC9;
			packageReferences = (
				4752BC5E29141C1600FDCB98 /* XCRemoteSwiftPackageReference "firebase-ios-sdk" */,
			);
			productRefGroup = CFE5054728D7892100825BC9 /* Products */;
			projectDirPath = "";
			projectRoot = "";
			targets = (
				CFE5054528D7892100825BC9 /* DementiaApp */,
			);
		};
/* End PBXProject section */

/* Begin PBXResourcesBuildPhase section */
		CFE5054428D7892100825BC9 /* Resources */ = {
			isa = PBXResourcesBuildPhase;
			buildActionMask = 2147483647;
			files = (
				4752BC5D29141B4200FDCB98 /* GoogleService-Info.plist in Resources */,
				CF0BCD46297DD46E0020ECA9 /* LaunchScreen.storyboard in Resources */,
				CFE5055128D7892200825BC9 /* Preview Assets.xcassets in Resources */,
				CFE5054E28D7892200825BC9 /* Assets.xcassets in Resources */,
			);
			runOnlyForDeploymentPostprocessing = 0;
		};
/* End PBXResourcesBuildPhase section */

/* Begin PBXShellScriptBuildPhase section */
		22BAF259005B8DBB9503DB50 /* [CP] Check Pods Manifest.lock */ = {
			isa = PBXShellScriptBuildPhase;
			buildActionMask = 2147483647;
			files = (
			);
			inputFileListPaths = (
			);
			inputPaths = (
				"${PODS_PODFILE_DIR_PATH}/Podfile.lock",
				"${PODS_ROOT}/Manifest.lock",
			);
			name = "[CP] Check Pods Manifest.lock";
			outputFileListPaths = (
			);
			outputPaths = (
				"$(DERIVED_FILE_DIR)/Pods-DementiaApp-checkManifestLockResult.txt",
			);
			runOnlyForDeploymentPostprocessing = 0;
			shellPath = /bin/sh;
			shellScript = "diff \"${PODS_PODFILE_DIR_PATH}/Podfile.lock\" \"${PODS_ROOT}/Manifest.lock\" > /dev/null\nif [ $? != 0 ] ; then\n    # print error to STDERR\n    echo \"error: The sandbox is not in sync with the Podfile.lock. Run 'pod install' or update your CocoaPods installation.\" >&2\n    exit 1\nfi\n# This output is used by Xcode 'outputs' to avoid re-running this script phase.\necho \"SUCCESS\" > \"${SCRIPT_OUTPUT_FILE_0}\"\n";
			showEnvVarsInLog = 0;
		};
		AD51A1FB2B8C4EF01F68BED7 /* [CP] Embed Pods Frameworks */ = {
			isa = PBXShellScriptBuildPhase;
			buildActionMask = 2147483647;
			files = (
			);
			inputFileListPaths = (
				"${PODS_ROOT}/Target Support Files/Pods-DementiaApp/Pods-DementiaApp-frameworks-${CONFIGURATION}-input-files.xcfilelist",
			);
			name = "[CP] Embed Pods Frameworks";
			outputFileListPaths = (
				"${PODS_ROOT}/Target Support Files/Pods-DementiaApp/Pods-DementiaApp-frameworks-${CONFIGURATION}-output-files.xcfilelist",
			);
			runOnlyForDeploymentPostprocessing = 0;
			shellPath = /bin/sh;
			shellScript = "\"${PODS_ROOT}/Target Support Files/Pods-DementiaApp/Pods-DementiaApp-frameworks.sh\"\n";
			showEnvVarsInLog = 0;
		};
/* End PBXShellScriptBuildPhase section */

/* Begin PBXSourcesBuildPhase section */
		CFE5054228D7892100825BC9 /* Sources */ = {
			isa = PBXSourcesBuildPhase;
			buildActionMask = 2147483647;
			files = (
				CF3CB1CD291B4A64002D53E0 /* Persistence.swift in Sources */,
				CF70C8C628EE7D5600C0BD42 /* AudioRecorder.swift in Sources */,
				CFD8EF3028F1FE4300DB94F7 /* PhotoPicker.swift in Sources */,
				CFB77B1228D8DED200D3F39D /* contacts.swift in Sources */,
				CFE5054C28D7892100825BC9 /* PatientView.swift in Sources */,
				CF84EB3529C0E4DC00B3887B /* VideoRecorder.swift in Sources */,
				CF3CB1D2291B4AAA002D53E0 /* speechItems.xcdatamodeld in Sources */,
				CF3CB1C9291B4A4D002D53E0 /* SpeechManager.swift in Sources */,
				CF3CB1CB291B4A5B002D53E0 /* MicManager.swift in Sources */,
				CFB77B1028D8DE3C00D3F39D /* StructsDB.swift in Sources */,
				CFE5054A28D7892100825BC9 /* DementiaAppApp.swift in Sources */,
				CF70C8CE28EE807000C0BD42 /* RecordingsList.swift in Sources */,
				CF70C8CC28EE804100C0BD42 /* AudioPlayer.swift in Sources */,
			);
			runOnlyForDeploymentPostprocessing = 0;
		};
/* End PBXSourcesBuildPhase section */

/* Begin XCBuildConfiguration section */
		CFE5055228D7892200825BC9 /* Debug */ = {
			isa = XCBuildConfiguration;
			buildSettings = {
				ALWAYS_SEARCH_USER_PATHS = NO;
				CLANG_ANALYZER_NONNULL = YES;
				CLANG_ANALYZER_NUMBER_OBJECT_CONVERSION = YES_AGGRESSIVE;
				CLANG_CXX_LANGUAGE_STANDARD = "gnu++20";
				CLANG_ENABLE_MODULES = YES;
				CLANG_ENABLE_OBJC_ARC = YES;
				CLANG_ENABLE_OBJC_WEAK = YES;
				CLANG_WARN_BLOCK_CAPTURE_AUTORELEASING = YES;
				CLANG_WARN_BOOL_CONVERSION = YES;
				CLANG_WARN_COMMA = YES;
				CLANG_WARN_CONSTANT_CONVERSION = YES;
				CLANG_WARN_DEPRECATED_OBJC_IMPLEMENTATIONS = YES;
				CLANG_WARN_DIRECT_OBJC_ISA_USAGE = YES_ERROR;
				CLANG_WARN_DOCUMENTATION_COMMENTS = YES;
				CLANG_WARN_EMPTY_BODY = YES;
				CLANG_WARN_ENUM_CONVERSION = YES;
				CLANG_WARN_INFINITE_RECURSION = YES;
				CLANG_WARN_INT_CONVERSION = YES;
				CLANG_WARN_NON_LITERAL_NULL_CONVERSION = YES;
				CLANG_WARN_OBJC_IMPLICIT_RETAIN_SELF = YES;
				CLANG_WARN_OBJC_LITERAL_CONVERSION = YES;
				CLANG_WARN_OBJC_ROOT_CLASS = YES_ERROR;
				CLANG_WARN_QUOTED_INCLUDE_IN_FRAMEWORK_HEADER = YES;
				CLANG_WARN_RANGE_LOOP_ANALYSIS = YES;
				CLANG_WARN_STRICT_PROTOTYPES = YES;
				CLANG_WARN_SUSPICIOUS_MOVE = YES;
				CLANG_WARN_UNGUARDED_AVAILABILITY = YES_AGGRESSIVE;
				CLANG_WARN_UNREACHABLE_CODE = YES;
				CLANG_WARN__DUPLICATE_METHOD_MATCH = YES;
				COPY_PHASE_STRIP = NO;
				DEBUG_INFORMATION_FORMAT = dwarf;
				ENABLE_STRICT_OBJC_MSGSEND = YES;
				ENABLE_TESTABILITY = YES;
				GCC_C_LANGUAGE_STANDARD = gnu11;
				GCC_DYNAMIC_NO_PIC = NO;
				GCC_NO_COMMON_BLOCKS = YES;
				GCC_OPTIMIZATION_LEVEL = 0;
				GCC_PREPROCESSOR_DEFINITIONS = (
					"DEBUG=1",
					"$(inherited)",
				);
				GCC_WARN_64_TO_32_BIT_CONVERSION = YES;
				GCC_WARN_ABOUT_RETURN_TYPE = YES_ERROR;
				GCC_WARN_UNDECLARED_SELECTOR = YES;
				GCC_WARN_UNINITIALIZED_AUTOS = YES_AGGRESSIVE;
				GCC_WARN_UNUSED_FUNCTION = YES;
				GCC_WARN_UNUSED_VARIABLE = YES;
				IPHONEOS_DEPLOYMENT_TARGET = 16.0;
				MTL_ENABLE_DEBUG_INFO = INCLUDE_SOURCE;
				MTL_FAST_MATH = YES;
				ONLY_ACTIVE_ARCH = YES;
				SDKROOT = iphoneos;
				SWIFT_ACTIVE_COMPILATION_CONDITIONS = DEBUG;
				SWIFT_OPTIMIZATION_LEVEL = "-Onone";
			};
			name = Debug;
		};
		CFE5055328D7892200825BC9 /* Release */ = {
			isa = XCBuildConfiguration;
			buildSettings = {
				ALWAYS_SEARCH_USER_PATHS = NO;
				CLANG_ANALYZER_NONNULL = YES;
				CLANG_ANALYZER_NUMBER_OBJECT_CONVERSION = YES_AGGRESSIVE;
				CLANG_CXX_LANGUAGE_STANDARD = "gnu++20";
				CLANG_ENABLE_MODULES = YES;
				CLANG_ENABLE_OBJC_ARC = YES;
				CLANG_ENABLE_OBJC_WEAK = YES;
				CLANG_WARN_BLOCK_CAPTURE_AUTORELEASING = YES;
				CLANG_WARN_BOOL_CONVERSION = YES;
				CLANG_WARN_COMMA = YES;
				CLANG_WARN_CONSTANT_CONVERSION = YES;
				CLANG_WARN_DEPRECATED_OBJC_IMPLEMENTATIONS = YES;
				CLANG_WARN_DIRECT_OBJC_ISA_USAGE = YES_ERROR;
				CLANG_WARN_DOCUMENTATION_COMMENTS = YES;
				CLANG_WARN_EMPTY_BODY = YES;
				CLANG_WARN_ENUM_CONVERSION = YES;
				CLANG_WARN_INFINITE_RECURSION = YES;
				CLANG_WARN_INT_CONVERSION = YES;
				CLANG_WARN_NON_LITERAL_NULL_CONVERSION = YES;
				CLANG_WARN_OBJC_IMPLICIT_RETAIN_SELF = YES;
				CLANG_WARN_OBJC_LITERAL_CONVERSION = YES;
				CLANG_WARN_OBJC_ROOT_CLASS = YES_ERROR;
				CLANG_WARN_QUOTED_INCLUDE_IN_FRAMEWORK_HEADER = YES;
				CLANG_WARN_RANGE_LOOP_ANALYSIS = YES;
				CLANG_WARN_STRICT_PROTOTYPES = YES;
				CLANG_WARN_SUSPICIOUS_MOVE = YES;
				CLANG_WARN_UNGUARDED_AVAILABILITY = YES_AGGRESSIVE;
				CLANG_WARN_UNREACHABLE_CODE = YES;
				CLANG_WARN__DUPLICATE_METHOD_MATCH = YES;
				COPY_PHASE_STRIP = NO;
				DEBUG_INFORMATION_FORMAT = "dwarf-with-dsym";
				ENABLE_NS_ASSERTIONS = NO;
				ENABLE_STRICT_OBJC_MSGSEND = YES;
				GCC_C_LANGUAGE_STANDARD = gnu11;
				GCC_NO_COMMON_BLOCKS = YES;
				GCC_WARN_64_TO_32_BIT_CONVERSION = YES;
				GCC_WARN_ABOUT_RETURN_TYPE = YES_ERROR;
				GCC_WARN_UNDECLARED_SELECTOR = YES;
				GCC_WARN_UNINITIALIZED_AUTOS = YES_AGGRESSIVE;
				GCC_WARN_UNUSED_FUNCTION = YES;
				GCC_WARN_UNUSED_VARIABLE = YES;
				IPHONEOS_DEPLOYMENT_TARGET = 16.0;
				MTL_ENABLE_DEBUG_INFO = NO;
				MTL_FAST_MATH = YES;
				SDKROOT = iphoneos;
				SWIFT_COMPILATION_MODE = wholemodule;
				SWIFT_OPTIMIZATION_LEVEL = "-O";
				VALIDATE_PRODUCT = YES;
			};
			name = Release;
		};
		CFE5055528D7892200825BC9 /* Debug */ = {
			isa = XCBuildConfiguration;
			baseConfigurationReference = FCF6EA4B89408B77F8465AD3 /* Pods-DementiaApp.debug.xcconfig */;
			buildSettings = {
				ASSETCATALOG_COMPILER_APPICON_NAME = AppIcon;
				ASSETCATALOG_COMPILER_GLOBAL_ACCENT_COLOR_NAME = AccentColor;
				CODE_SIGN_STYLE = Automatic;
				CURRENT_PROJECT_VERSION = 1;
				DEVELOPMENT_ASSET_PATHS = "\"DementiaApp/Preview Content\"";
				DEVELOPMENT_TEAM = JCBWZNYKTF;
				ENABLE_PREVIEWS = YES;
				GENERATE_INFOPLIST_FILE = YES;
				INFOPLIST_FILE = DementiaApp/Info.plist;
				INFOPLIST_KEY_CFBundleDisplayName = "Familar Faces";
				INFOPLIST_KEY_LSApplicationCategoryType = "public.app-category.medical";
				INFOPLIST_KEY_NSCameraUsageDescription = "Camera is needed to photograph loved ones";
				INFOPLIST_KEY_NSMicrophoneUsageDescription = "Microphone usage is required to communicate with loved ones";
				INFOPLIST_KEY_NSSpeechRecognitionUsageDescription = "Speech recognition is required to communicate with loved ones";
				INFOPLIST_KEY_UIApplicationSceneManifest_Generation = YES;
				INFOPLIST_KEY_UIApplicationSupportsIndirectInputEvents = YES;
				INFOPLIST_KEY_UILaunchStoryboardName = LaunchScreen.storyboard;
				INFOPLIST_KEY_UISupportedInterfaceOrientations_iPad = "UIInterfaceOrientationPortrait UIInterfaceOrientationPortraitUpsideDown UIInterfaceOrientationLandscapeLeft UIInterfaceOrientationLandscapeRight";
				INFOPLIST_KEY_UISupportedInterfaceOrientations_iPhone = "UIInterfaceOrientationPortrait UIInterfaceOrientationLandscapeLeft UIInterfaceOrientationLandscapeRight";
				IPHONEOS_DEPLOYMENT_TARGET = 15.5;
				LD_RUNPATH_SEARCH_PATHS = (
					"$(inherited)",
					"@executable_path/Frameworks",
				);
				MARKETING_VERSION = 1.0;
				PRODUCT_BUNDLE_IDENTIFIER = co.faisalHussaini.DementiaApp;
				PRODUCT_NAME = "$(TARGET_NAME)";
				SWIFT_EMIT_LOC_STRINGS = YES;
				SWIFT_VERSION = 5.0;
				TARGETED_DEVICE_FAMILY = "1,2";
			};
			name = Debug;
		};
		CFE5055628D7892200825BC9 /* Release */ = {
			isa = XCBuildConfiguration;
			baseConfigurationReference = 48367EE8DDE9E7A98B5AA9CB /* Pods-DementiaApp.release.xcconfig */;
			buildSettings = {
				ASSETCATALOG_COMPILER_APPICON_NAME = AppIcon;
				ASSETCATALOG_COMPILER_GLOBAL_ACCENT_COLOR_NAME = AccentColor;
				CODE_SIGN_STYLE = Automatic;
				CURRENT_PROJECT_VERSION = 1;
				DEVELOPMENT_ASSET_PATHS = "\"DementiaApp/Preview Content\"";
				DEVELOPMENT_TEAM = JCBWZNYKTF;
				ENABLE_PREVIEWS = YES;
				GENERATE_INFOPLIST_FILE = YES;
				INFOPLIST_FILE = DementiaApp/Info.plist;
				INFOPLIST_KEY_CFBundleDisplayName = "Familar Faces";
				INFOPLIST_KEY_LSApplicationCategoryType = "public.app-category.medical";
				INFOPLIST_KEY_NSCameraUsageDescription = "Camera is needed to photograph loved ones";
				INFOPLIST_KEY_NSMicrophoneUsageDescription = "Microphone usage is required to communicate with loved ones";
				INFOPLIST_KEY_NSSpeechRecognitionUsageDescription = "Speech recognition is required to communicate with loved ones";
				INFOPLIST_KEY_UIApplicationSceneManifest_Generation = YES;
				INFOPLIST_KEY_UIApplicationSupportsIndirectInputEvents = YES;
				INFOPLIST_KEY_UILaunchStoryboardName = LaunchScreen.storyboard;
				INFOPLIST_KEY_UISupportedInterfaceOrientations_iPad = "UIInterfaceOrientationPortrait UIInterfaceOrientationPortraitUpsideDown UIInterfaceOrientationLandscapeLeft UIInterfaceOrientationLandscapeRight";
				INFOPLIST_KEY_UISupportedInterfaceOrientations_iPhone = "UIInterfaceOrientationPortrait UIInterfaceOrientationLandscapeLeft UIInterfaceOrientationLandscapeRight";
				IPHONEOS_DEPLOYMENT_TARGET = 15.5;
				LD_RUNPATH_SEARCH_PATHS = (
					"$(inherited)",
					"@executable_path/Frameworks",
				);
				MARKETING_VERSION = 1.0;
				PRODUCT_BUNDLE_IDENTIFIER = co.faisalHussaini.DementiaApp;
				PRODUCT_NAME = "$(TARGET_NAME)";
				SWIFT_EMIT_LOC_STRINGS = YES;
				SWIFT_VERSION = 5.0;
				TARGETED_DEVICE_FAMILY = "1,2";
			};
			name = Release;
		};
/* End XCBuildConfiguration section */

/* Begin XCConfigurationList section */
		CFE5054128D7892100825BC9 /* Build configuration list for PBXProject "DementiaApp" */ = {
			isa = XCConfigurationList;
			buildConfigurations = (
				CFE5055228D7892200825BC9 /* Debug */,
				CFE5055328D7892200825BC9 /* Release */,
			);
			defaultConfigurationIsVisible = 0;
			defaultConfigurationName = Release;
		};
		CFE5055428D7892200825BC9 /* Build configuration list for PBXNativeTarget "DementiaApp" */ = {
			isa = XCConfigurationList;
			buildConfigurations = (
				CFE5055528D7892200825BC9 /* Debug */,
				CFE5055628D7892200825BC9 /* Release */,
			);
			defaultConfigurationIsVisible = 0;
			defaultConfigurationName = Release;
		};
/* End XCConfigurationList section */

/* Begin XCRemoteSwiftPackageReference section */
		4752BC5E29141C1600FDCB98 /* XCRemoteSwiftPackageReference "firebase-ios-sdk" */ = {
			isa = XCRemoteSwiftPackageReference;
			repositoryURL = "https://github.com/firebase/firebase-ios-sdk";
			requirement = {
				kind = upToNextMajorVersion;
				minimumVersion = 9.0.0;
			};
		};
/* End XCRemoteSwiftPackageReference section */

/* Begin XCSwiftPackageProductDependency section */
		4752BC5F29141C1600FDCB98 /* FirebaseFirestore */ = {
			isa = XCSwiftPackageProductDependency;
			package = 4752BC5E29141C1600FDCB98 /* XCRemoteSwiftPackageReference "firebase-ios-sdk" */;
			productName = FirebaseFirestore;
		};
		4752BC6129141C1600FDCB98 /* FirebaseStorage */ = {
			isa = XCSwiftPackageProductDependency;
			package = 4752BC5E29141C1600FDCB98 /* XCRemoteSwiftPackageReference "firebase-ios-sdk" */;
			productName = FirebaseStorage;
		};
/* End XCSwiftPackageProductDependency section */

/* Begin XCVersionGroup section */
		CF3CB1D0291B4AAA002D53E0 /* speechItems.xcdatamodeld */ = {
			isa = XCVersionGroup;
			children = (
				CF3CB1D1291B4AAA002D53E0 /* speechtodo.xcdatamodel */,
			);
			currentVersion = CF3CB1D1291B4AAA002D53E0 /* speechtodo.xcdatamodel */;
			path = speechItems.xcdatamodeld;
			sourceTree = "<group>";
			versionGroupType = wrapper.xcdatamodel;
		};
/* End XCVersionGroup section */
	};
	rootObject = CFE5053E28D7892100825BC9 /* Project object */;
}
